
Microsoft Visual Studio Solution File, Format Version 12.00
# Visual Studio Version 16
VisualStudioVersion = 16.0.31911.196
MinimumVisualStudioVersion = 10.0.40219.1
Project("{FAE04EC0-301F-11D3-BF4B-00C04F79EFBC}") = "Notes.Android", "Notes\Notes.Android\Notes.Android.csproj", "{69D8C8C7-C962-434E-956F-504D35C5F52E}"
EndProject
Project("{FAE04EC0-301F-11D3-BF4B-00C04F79EFBC}") = "Notes", "Notes\Notes\Notes.csproj", "{C2CE51CC-89DA-4E4D-920A-0F1E14A2ED18}"
EndProject
Global
	GlobalSection(SolutionConfigurationPlatforms) = preSolution
		Debug|Any CPU = Debug|Any CPU
		Release|Any CPU = Release|Any CPU
	EndGlobalSection
	GlobalSection(ProjectConfigurationPlatforms) = postSolution
		{69D8C8C7-C962-434E-956F-504D35C5F52E}.Debug|Any CPU.ActiveCfg = Debug|Any CPU
		{69D8C8C7-C962-434E-956F-504D35C5F52E}.Debug|Any CPU.Build.0 = Debug|Any CPU
		{69D8C8C7-C962-434E-956F-504D35C5F52E}.Debug|Any CPU.Deploy.0 = Debug|Any CPU
		{69D8C8C7-C962-434E-956F-504D35C5F52E}.Release|Any CPU.ActiveCfg = Release|Any CPU
		{69D8C8C7-C962-434E-956F-504D35C5F52E}.Release|Any CPU.Build.0 = Release|Any CPU
		{69D8C8C7-C962-434E-956F-504D35C5F52E}.Release|Any CPU.Deploy.0 = Release|Any CPU
		{C2CE51CC-89DA-4E4D-920A-0F1E14A2ED18}.Debug|Any CPU.ActiveCfg = Debug|Any CPU
		{C2CE51CC-89DA-4E4D-920A-0F1E14A2ED18}.Debug|Any CPU.Build.0 = Debug|Any CPU
		{C2CE51CC-89DA-4E4D-920A-0F1E14A2ED18}.Debug|Any CPU.Deploy.0 = Debug|Any CPU
		{C2CE51CC-89DA-4E4D-920A-0F1E14A2ED18}.Release|Any CPU.ActiveCfg = Release|Any CPU
		{C2CE51CC-89DA-4E4D-920A-0F1E14A2ED18}.Release|Any CPU.Build.0 = Release|Any CPU
		{C2CE51CC-89DA-4E4D-920A-0F1E14A2ED18}.Release|Any CPU.Deploy.0 = Release|Any CPU
	EndGlobalSection
	GlobalSection(SolutionProperties) = preSolution
		HideSolutionNode = FALSE
	EndGlobalSection
	GlobalSection(ExtensibilityGlobals) = postSolution
		SolutionGuid = {11C56BCC-FF10-4D8B-985A-C28C82CD1319}
	EndGlobalSection
EndGlobal
